
Microsoft Visual Studio Solution File, Format Version 12.00
# Visual Studio Version 17
VisualStudioVersion = 17.1.32407.343
MinimumVisualStudioVersion = 10.0.40219.1
Project("{FAE04EC0-301F-11D3-BF4B-00C04F79EFBC}") = "TenderManagement.API", "TenderManagement.API\TenderManagement.API.csproj", "{F41F707B-A76A-49A8-AE2D-933CE124407E}"
EndProject
Project("{FAE04EC0-301F-11D3-BF4B-00C04F79EFBC}") = "TenderManagement.DataAccess", "TenderManagement.DataAccess\TenderManagement.DataAccess.csproj", "{20C5A3FA-8AA4-445D-9073-115483053EED}"
EndProject
Project("{FAE04EC0-301F-11D3-BF4B-00C04F79EFBC}") = "TenderManagement.Models", "TenderManagement.Models\TenderManagement.Models.csproj", "{B76DB11B-7785-449D-86F0-F84D77E1DF9E}"
EndProject
Project("{FAE04EC0-301F-11D3-BF4B-00C04F79EFBC}") = "TenderManagement.Business", "TenderManagement.Business\TenderManagement.Business.csproj", "{98740446-5651-453F-BD7F-13DEFB9F7D7D}"
EndProject
Global
	GlobalSection(SolutionConfigurationPlatforms) = preSolution
		Debug|Any CPU = Debug|Any CPU
		Release|Any CPU = Release|Any CPU
	EndGlobalSection
	GlobalSection(ProjectConfigurationPlatforms) = postSolution
		{F41F707B-A76A-49A8-AE2D-933CE124407E}.Debug|Any CPU.ActiveCfg = Debug|Any CPU
		{F41F707B-A76A-49A8-AE2D-933CE124407E}.Debug|Any CPU.Build.0 = Debug|Any CPU
		{F41F707B-A76A-49A8-AE2D-933CE124407E}.Release|Any CPU.ActiveCfg = Release|Any CPU
		{F41F707B-A76A-49A8-AE2D-933CE124407E}.Release|Any CPU.Build.0 = Release|Any CPU
		{20C5A3FA-8AA4-445D-9073-115483053EED}.Debug|Any CPU.ActiveCfg = Debug|Any CPU
		{20C5A3FA-8AA4-445D-9073-115483053EED}.Debug|Any CPU.Build.0 = Debug|Any CPU
		{20C5A3FA-8AA4-445D-9073-115483053EED}.Release|Any CPU.ActiveCfg = Release|Any CPU
		{20C5A3FA-8AA4-445D-9073-115483053EED}.Release|Any CPU.Build.0 = Release|Any CPU
		{B76DB11B-7785-449D-86F0-F84D77E1DF9E}.Debug|Any CPU.ActiveCfg = Debug|Any CPU
		{B76DB11B-7785-449D-86F0-F84D77E1DF9E}.Debug|Any CPU.Build.0 = Debug|Any CPU
		{B76DB11B-7785-449D-86F0-F84D77E1DF9E}.Release|Any CPU.ActiveCfg = Release|Any CPU
		{B76DB11B-7785-449D-86F0-F84D77E1DF9E}.Release|Any CPU.Build.0 = Release|Any CPU
		{98740446-5651-453F-BD7F-13DEFB9F7D7D}.Debug|Any CPU.ActiveCfg = Debug|Any CPU
		{98740446-5651-453F-BD7F-13DEFB9F7D7D}.Debug|Any CPU.Build.0 = Debug|Any CPU
		{98740446-5651-453F-BD7F-13DEFB9F7D7D}.Release|Any CPU.ActiveCfg = Release|Any CPU
		{98740446-5651-453F-BD7F-13DEFB9F7D7D}.Release|Any CPU.Build.0 = Release|Any CPU
	EndGlobalSection
	GlobalSection(SolutionProperties) = preSolution
		HideSolutionNode = FALSE
	EndGlobalSection
	GlobalSection(ExtensibilityGlobals) = postSolution
		SolutionGuid = {14864126-DF31-479C-B6C6-D9E049844F95}
	EndGlobalSection
EndGlobal
